
Microsoft Visual Studio Solution File, Format Version 12.00
# Visual Studio Version 16
VisualStudioVersion = 16.0.30002.166
MinimumVisualStudioVersion = 10.0.40219.1
Project("{FAE04EC0-301F-11D3-BF4B-00C04F79EFBC}") = "HealthCode", "HealthCode\HealthCode.csproj", "{6F60F104-4FC6-4926-9B68-8DC52B2F5867}"
EndProject
Global
	GlobalSection(SolutionConfigurationPlatforms) = preSolution
		Debug|Any CPU = Debug|Any CPU
		Release|Any CPU = Release|Any CPU
	EndGlobalSection
	GlobalSection(ProjectConfigurationPlatforms) = postSolution
		{6F60F104-4FC6-4926-9B68-8DC52B2F5867}.Debug|Any CPU.ActiveCfg = Debug|Any CPU
		{6F60F104-4FC6-4926-9B68-8DC52B2F5867}.Debug|Any CPU.Build.0 = Debug|Any CPU
		{6F60F104-4FC6-4926-9B68-8DC52B2F5867}.Release|Any CPU.ActiveCfg = Release|Any CPU
		{6F60F104-4FC6-4926-9B68-8DC52B2F5867}.Release|Any CPU.Build.0 = Release|Any CPU
	EndGlobalSection
	GlobalSection(SolutionProperties) = preSolution
		HideSolutionNode = FALSE
	EndGlobalSection
	GlobalSection(ExtensibilityGlobals) = postSolution
		SolutionGuid = {F1A8E366-F552-4CF0-9DD4-8AAFE7AF9E1D}
	EndGlobalSection
EndGlobal
